{
  "nodes": {
    "darwin": {
      "inputs": {
        "nixpkgs": [
          "nixpkgs"
        ]
      },
      "locked": {
        "lastModified": 1663677921,
        "narHash": "sha256-NfQnUfRrjv8DXeugdbQC5El+MMhShP42ohc8iM+UAdM=",
        "owner": "LnL7",
        "repo": "nix-darwin",
        "rev": "088c98a584a38b5f844bb9e9cd32eb28479ca6d7",
        "type": "github"
      },
      "original": {
        "owner": "LnL7",
        "ref": "master",
        "repo": "nix-darwin",
        "type": "github"
      }
    },
    "doom-emacs": {
      "flake": false,
      "locked": {
        "lastModified": 1660901074,
        "narHash": "sha256-3apl0eQlfBj3y0gDdoPp2M6PXYnhxs0QWOHp8B8A9sc=",
        "owner": "doomemacs",
        "repo": "doomemacs",
        "rev": "c44bc81a05f3758ceaa28921dd9c830b9c571e61",
        "type": "github"
      },
      "original": {
        "owner": "doomemacs",
        "ref": "master",
        "repo": "doomemacs",
        "type": "github"
      }
    },
    "doom-snippets": {
      "flake": false,
      "locked": {
        "lastModified": 1662645711,
        "narHash": "sha256-XKpPCtECGZQ5bFPPDUX3oAltXOJNwAI/OktxiLnADRE=",
        "owner": "doomemacs",
        "repo": "snippets",
        "rev": "03a62fe7edf7e87fdbd925713fbd3bf292d14b00",
        "type": "github"
      },
      "original": {
        "owner": "doomemacs",
        "repo": "snippets",
        "type": "github"
      }
    },
    "emacs": {
      "inputs": {
        "emacs-src": "emacs-src",
        "emacs-vterm-src": "emacs-vterm-src",
        "nixpkgs": "nixpkgs"
      },
      "locked": {
        "lastModified": 1662774614,
        "narHash": "sha256-v40a5YCET23ONI8aqfG4EDJ2+dV6KNjP1Ax78v6cAqk=",
        "owner": "cmacrae",
        "repo": "emacs",
        "rev": "c69ff76cc95e2c504c6e3f99f3f5d1a67dc20479",
        "type": "github"
      },
      "original": {
        "owner": "cmacrae",
        "repo": "emacs",
        "type": "github"
      }
    },
    "emacs-overlay": {
      "inputs": {
        "flake-utils": "flake-utils",
        "nixpkgs": "nixpkgs_2"
      },
      "locked": {
        "lastModified": 1664015884,
        "narHash": "sha256-U+oc5aF063T7i1NWqy9O+xqkqdAucAtEpBLds5Jb/zU=",
        "owner": "nix-community",
        "repo": "emacs-overlay",
        "rev": "583ad7baf08792c0edce8d6461a2e40be6c11115",
        "type": "github"
      },
      "original": {
        "owner": "nix-community",
        "repo": "emacs-overlay",
        "type": "github"
      }
    },
    "emacs-so-long": {
      "flake": false,
      "locked": {
        "lastModified": 1575031854,
        "narHash": "sha256-xIa5zO0ZaToDrec1OFjBK6l39AbA4l/CE4LInVu2hi0=",
        "owner": "hlissner",
        "repo": "emacs-so-long",
        "rev": "ed666b0716f60e8988c455804de24b55919e71ca",
        "type": "github"
      },
      "original": {
        "owner": "hlissner",
        "repo": "emacs-so-long",
        "type": "github"
      }
    },
    "emacs-src": {
      "flake": false,
      "locked": {
        "lastModified": 1662765149,
        "narHash": "sha256-bc1oX/s2EvrOKsZ3K9AIjPCLwtH3O4Nu6UZ6vihAEsM=",
        "owner": "emacs-mirror",
        "repo": "emacs",
        "rev": "e6dc0cf2d399c907f345e11eeaa4e5d08fc4d7b6",
        "type": "github"
      },
      "original": {
        "owner": "emacs-mirror",
        "repo": "emacs",
        "type": "github"
      }
    },
    "emacs-vterm-src": {
      "flake": false,
      "locked": {
        "lastModified": 1661934956,
        "narHash": "sha256-OGW7QkCF4Genr90nQl4v+pS6g2RhlTFN3NXYCGm62Yw=",
        "owner": "akermu",
        "repo": "emacs-libvterm",
        "rev": "d6fcd38b9544dd4d05dbe5db10e950043b68de9c",
        "type": "github"
      },
      "original": {
        "owner": "akermu",
        "repo": "emacs-libvterm",
        "type": "github"
      }
    },
    "evil-escape": {
      "flake": false,
      "locked": {
        "lastModified": 1588439096,
        "narHash": "sha256-aB2Ge5o/93B18tPf4fN1c+O46CNh/nOqwLJbox4c8Gw=",
        "owner": "hlissner",
        "repo": "evil-escape",
        "rev": "819f1ee1cf3f69a1ae920e6004f2c0baeebbe077",
        "type": "github"
      },
      "original": {
        "owner": "hlissner",
        "repo": "evil-escape",
        "type": "github"
      }
    },
    "evil-markdown": {
      "flake": false,
      "locked": {
        "lastModified": 1626852210,
        "narHash": "sha256-HBBuZ1VWIn6kwK5CtGIvHM1+9eiNiKPH0GUsyvpUVN8=",
        "owner": "Somelauw",
        "repo": "evil-markdown",
        "rev": "8e6cc68af83914b2fa9fd3a3b8472573dbcef477",
        "type": "github"
      },
      "original": {
        "owner": "Somelauw",
        "repo": "evil-markdown",
        "type": "github"
      }
    },
    "evil-org-mode": {
      "flake": false,
      "locked": {
        "lastModified": 1607203864,
        "narHash": "sha256-JxwqVYDN6OIJEH15MVI6XOZAPtUWUhJQWHyzcrUvrFg=",
        "owner": "hlissner",
        "repo": "evil-org-mode",
        "rev": "a9706da260c45b98601bcd72b1d2c0a24a017700",
        "type": "github"
      },
      "original": {
        "owner": "hlissner",
        "repo": "evil-org-mode",
        "type": "github"
      }
    },
    "evil-quick-diff": {
      "flake": false,
      "locked": {
        "lastModified": 1575189609,
        "narHash": "sha256-oGzl1ayW9rIuq0haoiFS7RZsS8NFMdEA7K1BSozgnJU=",
        "owner": "rgrinberg",
        "repo": "evil-quick-diff",
        "rev": "69c883720b30a892c63bc89f49d4f0e8b8028908",
        "type": "github"
      },
      "original": {
        "owner": "rgrinberg",
        "repo": "evil-quick-diff",
        "type": "github"
      }
    },
    "explain-pause-mode": {
      "flake": false,
      "locked": {
        "lastModified": 1595842060,
        "narHash": "sha256-++znrjiDSx+cy4okFBBXUBkRFdtnE2x+trkmqjB3Njs=",
        "owner": "lastquestion",
        "repo": "explain-pause-mode",
        "rev": "2356c8c3639cbeeb9751744dbe737267849b4b51",
        "type": "github"
      },
      "original": {
        "owner": "lastquestion",
        "repo": "explain-pause-mode",
        "type": "github"
      }
    },
    "flake-compat": {
      "flake": false,
      "locked": {
        "lastModified": 1650374568,
        "narHash": "sha256-Z+s0J8/r907g149rllvwhb4pKi8Wam5ij0st8PwAh+E=",
        "owner": "edolstra",
        "repo": "flake-compat",
        "rev": "b4a34015c698c7793d592d66adbab377907a2be8",
        "type": "github"
      },
      "original": {
        "owner": "edolstra",
        "repo": "flake-compat",
        "type": "github"
      }
    },
    "flake-compat_2": {
      "flake": false,
      "locked": {
        "lastModified": 1650374568,
        "narHash": "sha256-Z+s0J8/r907g149rllvwhb4pKi8Wam5ij0st8PwAh+E=",
        "owner": "edolstra",
        "repo": "flake-compat",
        "rev": "b4a34015c698c7793d592d66adbab377907a2be8",
        "type": "github"
      },
      "original": {
        "owner": "edolstra",
        "repo": "flake-compat",
        "type": "github"
      }
    },
    "flake-compat_3": {
      "flake": false,
      "locked": {
        "lastModified": 1650374568,
        "narHash": "sha256-Z+s0J8/r907g149rllvwhb4pKi8Wam5ij0st8PwAh+E=",
        "owner": "edolstra",
        "repo": "flake-compat",
        "rev": "b4a34015c698c7793d592d66adbab377907a2be8",
        "type": "github"
      },
      "original": {
        "owner": "edolstra",
        "repo": "flake-compat",
        "type": "github"
      }
    },
    "flake-utils": {
      "locked": {
        "lastModified": 1659877975,
        "narHash": "sha256-zllb8aq3YO3h8B/U0/J1WBgAL8EX5yWf5pMj3G0NAmc=",
        "owner": "numtide",
        "repo": "flake-utils",
        "rev": "c0e246b9b83f637f4681389ecabcb2681b4f3af0",
        "type": "github"
      },
      "original": {
        "owner": "numtide",
        "repo": "flake-utils",
        "type": "github"
      }
    },
    "flake-utils_2": {
      "locked": {
        "lastModified": 1659877975,
        "narHash": "sha256-zllb8aq3YO3h8B/U0/J1WBgAL8EX5yWf5pMj3G0NAmc=",
        "owner": "numtide",
        "repo": "flake-utils",
        "rev": "c0e246b9b83f637f4681389ecabcb2681b4f3af0",
        "type": "github"
      },
      "original": {
        "owner": "numtide",
        "repo": "flake-utils",
        "type": "github"
      }
    },
    "flake-utils_3": {
      "locked": {
        "lastModified": 1659877975,
        "narHash": "sha256-zllb8aq3YO3h8B/U0/J1WBgAL8EX5yWf5pMj3G0NAmc=",
        "owner": "numtide",
        "repo": "flake-utils",
        "rev": "c0e246b9b83f637f4681389ecabcb2681b4f3af0",
        "type": "github"
      },
      "original": {
        "owner": "numtide",
        "repo": "flake-utils",
        "type": "github"
      }
    },
    "flake-utils_4": {
      "locked": {
        "lastModified": 1653893745,
        "narHash": "sha256-0jntwV3Z8//YwuOjzhV2sgJJPt+HY6KhU7VZUL0fKZQ=",
        "owner": "numtide",
        "repo": "flake-utils",
        "rev": "1ed9fb1935d260de5fe1c2f7ee0ebaae17ed2fa1",
        "type": "github"
      },
      "original": {
        "owner": "numtide",
        "repo": "flake-utils",
        "type": "github"
      }
    },
    "format-all": {
      "flake": false,
      "locked": {
        "lastModified": 1581716637,
        "narHash": "sha256-ul7LCe60W8TIvUmUtZtZRo8489TK9iTPDsLHmzxY57M=",
        "owner": "lassik",
        "repo": "emacs-format-all-the-code",
        "rev": "47d862d40a088ca089c92cd393c6dca4628f87d3",
        "type": "github"
      },
      "original": {
        "owner": "lassik",
        "repo": "emacs-format-all-the-code",
        "rev": "47d862d40a088ca089c92cd393c6dca4628f87d3",
        "type": "github"
      }
    },
    "gitsigns-nvim": {
      "flake": false,
      "locked": {
        "lastModified": 1663543397,
        "narHash": "sha256-FgNSwvW7Bk+eKutMj0zqEorJ3+ijCALtOXs2OYiSX1I=",
        "owner": "lewis6991",
        "repo": "gitsigns.nvim",
        "rev": "f98c85e7c3d65a51f45863a34feb4849c82f240f",
        "type": "github"
      },
      "original": {
        "owner": "lewis6991",
        "repo": "gitsigns.nvim",
        "type": "github"
      }
    },
    "gitsigns-nvim_2": {
      "flake": false,
      "locked": {
        "lastModified": 1663543397,
        "narHash": "sha256-FgNSwvW7Bk+eKutMj0zqEorJ3+ijCALtOXs2OYiSX1I=",
        "owner": "lewis6991",
        "repo": "gitsigns.nvim",
        "rev": "f98c85e7c3d65a51f45863a34feb4849c82f240f",
        "type": "github"
      },
      "original": {
        "owner": "lewis6991",
        "repo": "gitsigns.nvim",
        "type": "github"
      }
    },
    "home-manager": {
      "inputs": {
        "nixpkgs": [
          "nixpkgs"
        ],
        "utils": "utils"
      },
      "locked": {
        "lastModified": 1663932797,
        "narHash": "sha256-IH8ZBW99W2k7wKLS+Sat9HiKX1TPZjFTnsPizK5crok=",
        "owner": "nix-community",
        "repo": "home-manager",
        "rev": "de3758e31a3a1bc79d569f5deb5dac39791bf9b6",
        "type": "github"
      },
      "original": {
        "owner": "nix-community",
        "repo": "home-manager",
        "type": "github"
      }
    },
    "neovim-nightly-overlay": {
      "inputs": {
        "gitsigns-nvim": "gitsigns-nvim",
        "nvim-treesitter": "nvim-treesitter",
        "tint-nvim": "tint-nvim",
        "zoomwintab-vim": "zoomwintab-vim"
      },
      "locked": {
        "lastModified": 1664897436,
        "narHash": "sha256-8TbZFOpraYH648kRwecdxOExcqzW83y3v8KAJYjypns=",
        "owner": "ttak0422",
        "repo": "vim-plugins-overlay",
        "rev": "5740e0581510c66798b63cd78b50a0c5b5ad8330",
        "type": "github"
      },
      "original": {
        "owner": "ttak0422",
        "repo": "vim-plugins-overlay",
        "type": "github"
      }
    },
    "nix-doom-emacs": {
      "inputs": {
        "doom-emacs": "doom-emacs",
        "doom-snippets": "doom-snippets",
        "emacs-overlay": [
          "emacs-overlay"
        ],
        "emacs-so-long": "emacs-so-long",
        "evil-escape": "evil-escape",
        "evil-markdown": "evil-markdown",
        "evil-org-mode": "evil-org-mode",
        "evil-quick-diff": "evil-quick-diff",
        "explain-pause-mode": "explain-pause-mode",
        "flake-compat": "flake-compat_2",
        "flake-utils": "flake-utils_3",
        "format-all": "format-all",
        "nix-straight": "nix-straight",
        "nixpkgs": "nixpkgs_3",
        "nose": "nose",
        "ob-racket": "ob-racket",
        "org": "org",
        "org-contrib": "org-contrib",
        "org-yt": "org-yt",
        "php-extras": "php-extras",
        "revealjs": "revealjs",
        "rotate-text": "rotate-text",
        "sln-mode": "sln-mode",
        "ts-fold": "ts-fold",
        "ws-butler": "ws-butler"
      },
      "locked": {
        "lastModified": 1662839665,
        "narHash": "sha256-TGSRXMmRTn4eza3q0XvqpuPoeCnkktPeD0TaM/V1pZ0=",
        "owner": "nix-community",
        "repo": "nix-doom-emacs",
        "rev": "acbf1b70335d4fd6a6c05bc417d7f3ca44739437",
        "type": "github"
      },
      "original": {
        "owner": "nix-community",
        "repo": "nix-doom-emacs",
        "type": "github"
      }
    },
    "nix-filter": {
      "locked": {
        "lastModified": 1653590866,
        "narHash": "sha256-E4yKIrt/S//WfW5D9IhQ1dVuaAy8RE7EiCMfnbrOC78=",
        "owner": "numtide",
        "repo": "nix-filter",
        "rev": "3e81a637cdf9f6e9b39aeb4d6e6394d1ad158e16",
        "type": "github"
      },
      "original": {
        "owner": "numtide",
        "repo": "nix-filter",
        "type": "github"
      }
    },
    "nix-straight": {
      "flake": false,
      "locked": {
        "lastModified": 1656684255,
        "narHash": "sha256-ZefQiv4Ipu2VkLjs1oyelTLU7kBVJgkcQd+yBpJU0yo=",
        "owner": "nix-community",
        "repo": "nix-straight.el",
        "rev": "fb8dd5c44cde70abd13380766e40af7a63888942",
        "type": "github"
      },
      "original": {
        "owner": "nix-community",
        "repo": "nix-straight.el",
        "type": "github"
      }
    },
    "nixpkgs": {
      "locked": {
        "lastModified": 1662096612,
        "narHash": "sha256-R+Q8l5JuyJryRPdiIaYpO5O3A55rT+/pItBrKcy7LM4=",
        "owner": "nixos",
        "repo": "nixpkgs",
        "rev": "21de2b973f9fee595a7a1ac4693efff791245c34",
        "type": "github"
      },
      "original": {
        "owner": "nixos",
        "ref": "nixpkgs-unstable",
        "repo": "nixpkgs",
        "type": "github"
      }
    },
    "nixpkgs-stable": {
      "locked": {
        "lastModified": 1659446231,
        "narHash": "sha256-hekabNdTdgR/iLsgce5TGWmfIDZ86qjPhxDg/8TlzhE=",
        "owner": "NixOS",
        "repo": "nixpkgs",
        "rev": "eabc38219184cc3e04a974fe31857d8e0eac098d",
        "type": "github"
      },
      "original": {
        "owner": "NixOS",
        "ref": "nixpkgs-21.11-darwin",
        "repo": "nixpkgs",
        "type": "github"
      }
    },
    "nixpkgs_2": {
      "locked": {
        "lastModified": 1663905476,
        "narHash": "sha256-0CSwRKaYravh9v6qSlBpM0gNg0UhKT2lL7Yn6Zbx7UM=",
        "owner": "NixOS",
        "repo": "nixpkgs",
        "rev": "e14f9fb57315f0d4abde222364f19f88c77d2b79",
        "type": "github"
      },
      "original": {
        "id": "nixpkgs",
        "type": "indirect"
      }
    },
    "nixpkgs_3": {
      "locked": {
        "lastModified": 1662096612,
        "narHash": "sha256-R+Q8l5JuyJryRPdiIaYpO5O3A55rT+/pItBrKcy7LM4=",
        "owner": "NixOS",
        "repo": "nixpkgs",
        "rev": "21de2b973f9fee595a7a1ac4693efff791245c34",
        "type": "github"
      },
      "original": {
        "id": "nixpkgs",
        "ref": "nixpkgs-unstable",
        "type": "indirect"
      }
    },
    "nixpkgs_4": {
      "locked": {
        "lastModified": 1663905476,
        "narHash": "sha256-0CSwRKaYravh9v6qSlBpM0gNg0UhKT2lL7Yn6Zbx7UM=",
        "owner": "nixos",
        "repo": "nixpkgs",
        "rev": "e14f9fb57315f0d4abde222364f19f88c77d2b79",
        "type": "github"
      },
      "original": {
        "owner": "nixos",
        "ref": "nixpkgs-unstable",
        "repo": "nixpkgs",
        "type": "github"
      }
    },
    "nixt": {
      "inputs": {
        "flake-compat": "flake-compat_3",
        "flake-utils": [
          "rokka-nvim",
          "flake-utils"
        ],
        "nixpkgs": [
          "rokka-nvim",
          "nixpkgs"
        ]
      },
      "locked": {
        "lastModified": 1662692544,
        "narHash": "sha256-xPpcG37LB0u9+GYSJBlIjIkqKGDETQcFW96V+Ljp3Os=",
        "owner": "nix-community",
        "repo": "nixt",
        "rev": "1d3bbcef9565d6d32d5ce723ddcf0127858ee9c2",
        "type": "github"
      },
      "original": {
        "owner": "nix-community",
        "repo": "nixt",
        "type": "github"
      }
    },
    "nose": {
      "flake": false,
      "locked": {
        "lastModified": 1400604510,
        "narHash": "sha256-daEi8Kta1oGaDEmUUDDQMahTTPOpvNpDKk22rlr7cB0=",
        "owner": "emacsattic",
        "repo": "nose",
        "rev": "f8528297519eba911696c4e68fa88892de9a7b72",
        "type": "github"
      },
      "original": {
        "owner": "emacsattic",
        "repo": "nose",
        "type": "github"
      }
    },
    "nvim-treesitter": {
      "flake": false,
      "locked": {
        "lastModified": 1664893941,
        "narHash": "sha256-JNk4poUc8L2F1ivAckZ12G7DhKeQJE6ITLVaVmdb42w=",
        "owner": "nvim-treesitter",
        "repo": "nvim-treesitter",
        "rev": "ffd4525fd9e61950520cea4737abc1800ad4aabb",
        "type": "github"
      },
      "original": {
        "owner": "nvim-treesitter",
        "repo": "nvim-treesitter",
        "type": "github"
      }
    },
    "nvim-treesitter_2": {
      "flake": false,
      "locked": {
        "lastModified": 1664785779,
        "narHash": "sha256-Ia7bexjruXikvfKYM7IQY/+3raa5Y1iLY/kEbO/L8Ac=",
        "owner": "nvim-treesitter",
        "repo": "nvim-treesitter",
        "rev": "7ccb9a056fa43da243e3a439109c354c551c51b6",
        "type": "github"
      },
      "original": {
        "owner": "nvim-treesitter",
        "repo": "nvim-treesitter",
        "type": "github"
      }
    },
    "ob-racket": {
      "flake": false,
      "locked": {
        "lastModified": 1584656173,
        "narHash": "sha256-rBUYDDCXb+3D4xTPQo9UocbTPZ32kWV1Uya/1DmZknU=",
        "owner": "xchrishawk",
        "repo": "ob-racket",
        "rev": "83457ec9e1e96a29fd2086ed19432b9d75787673",
        "type": "github"
      },
      "original": {
        "owner": "xchrishawk",
        "repo": "ob-racket",
        "type": "github"
      }
    },
    "org": {
      "flake": false,
      "locked": {
        "lastModified": 1662614940,
        "narHash": "sha256-9eAqhKXpTfZQH3bn19ien3HIzF100h8z97iHqs/QUgY=",
        "owner": "emacs-straight",
        "repo": "org-mode",
        "rev": "eb5ef0ae1424a725f933ef3929e5396a2ab727ab",
        "type": "github"
      },
      "original": {
        "owner": "emacs-straight",
        "repo": "org-mode",
        "type": "github"
      }
    },
    "org-contrib": {
      "flake": false,
      "locked": {
        "lastModified": 1661026052,
        "narHash": "sha256-rE7aioQxeVjo+TVI4DIppKkmf/c7tRNzK6hQJAmUnVE=",
        "owner": "emacsmirror",
        "repo": "org-contrib",
        "rev": "0740bd3fe69c4b327420185d931dcf0a9900a80e",
        "type": "github"
      },
      "original": {
        "owner": "emacsmirror",
        "repo": "org-contrib",
        "type": "github"
      }
    },
    "org-yt": {
      "flake": false,
      "locked": {
        "lastModified": 1527381913,
        "narHash": "sha256-dzQ6B7ryzatHCTLyEnRSbWO0VUiX/FHYnpHTs74aVUs=",
        "owner": "TobiasZawada",
        "repo": "org-yt",
        "rev": "40cc1ac76d741055cbefa13860d9f070a7ade001",
        "type": "github"
      },
      "original": {
        "owner": "TobiasZawada",
        "repo": "org-yt",
        "type": "github"
      }
    },
    "php-extras": {
      "flake": false,
      "locked": {
        "lastModified": 1573312690,
        "narHash": "sha256-r4WyVbzvT0ra4Z6JywNBOw5RxOEYd6Qe2IpebHXkj1U=",
        "owner": "arnested",
        "repo": "php-extras",
        "rev": "d410c5af663c30c01d461ac476d1cbfbacb49367",
        "type": "github"
      },
      "original": {
        "owner": "arnested",
        "repo": "php-extras",
        "type": "github"
      }
    },
    "revealjs": {
      "flake": false,
      "locked": {
        "lastModified": 1662369032,
        "narHash": "sha256-1BZWA3W77YbNZUj+7vJbkTeWY8O4jjPg7t5PvlEVDYA=",
        "owner": "hakimel",
        "repo": "reveal.js",
        "rev": "8a97ad58b04045fe5a9c964aa31659bd27e665c5",
        "type": "github"
      },
      "original": {
        "owner": "hakimel",
        "repo": "reveal.js",
        "type": "github"
      }
    },
    "rokka-nvim": {
      "inputs": {
        "flake-utils": "flake-utils_4",
        "nix-filter": "nix-filter",
        "nixpkgs": [
          "nixpkgs"
        ],
        "nixt": "nixt"
      },
      "locked": {
        "lastModified": 1664686099,
        "narHash": "sha256-84DROke9npaEPIKHX8YBID2+QqKjSokmGZaIhTXIvPM=",
        "owner": "ttak0422",
        "repo": "rokka-nvim",
        "rev": "726425a511c173563c9a688659fa2ef355edfd8e",
        "type": "github"
      },
      "original": {
        "owner": "ttak0422",
        "repo": "rokka-nvim",
        "type": "github"
      }
    },
    "root": {
      "inputs": {
        "darwin": "darwin",
        "emacs": "emacs",
        "emacs-overlay": "emacs-overlay",
        "flake-compat": "flake-compat",
        "flake-utils": "flake-utils_2",
        "home-manager": "home-manager",
        "neovim-nightly-overlay": "neovim-nightly-overlay",
        "nix-doom-emacs": "nix-doom-emacs",
        "nixpkgs": "nixpkgs_4",
        "nixpkgs-stable": "nixpkgs-stable",
        "rokka-nvim": "rokka-nvim",
        "vim-plugins-overlay": "vim-plugins-overlay",
        "yabai": "yabai"
      }
    },
    "rotate-text": {
      "flake": false,
      "locked": {
        "lastModified": 1322962747,
        "narHash": "sha256-SOeOgSlcEIsKhUiYDJv0p+mLUb420s9E2BmvZQvZ0wk=",
        "owner": "debug-ito",
        "repo": "rotate-text.el",
        "rev": "48f193697db996855aee1ad2bc99b38c6646fe76",
        "type": "github"
      },
      "original": {
        "owner": "debug-ito",
        "repo": "rotate-text.el",
        "type": "github"
      }
    },
    "sln-mode": {
      "flake": false,
      "locked": {
        "lastModified": 1423727528,
        "narHash": "sha256-XqkqPyEJuTtFslOz1fpTf/Klbd/zA7IGpzpmum/MGao=",
        "owner": "sensorflo",
        "repo": "sln-mode",
        "rev": "0f91d1b957c7d2a7bab9278ec57b54d57f1dbd9c",
        "type": "github"
      },
      "original": {
        "owner": "sensorflo",
        "repo": "sln-mode",
        "type": "github"
      }
    },
    "tint-nvim": {
      "flake": false,
      "locked": {
        "lastModified": 1664292894,
        "narHash": "sha256-4I+48RvyDyXR6+Slqqsx0fWMG9s9AbgnzTDkmm2Kyzk=",
        "owner": "levouh",
        "repo": "tint.nvim",
        "rev": "f6a259861ba8c0d88afc2ef05140ddf345eb0296",
        "type": "github"
      },
      "original": {
        "owner": "levouh",
        "repo": "tint.nvim",
        "type": "github"
      }
    },
    "tint-nvim_2": {
      "flake": false,
      "locked": {
        "lastModified": 1664292894,
        "narHash": "sha256-4I+48RvyDyXR6+Slqqsx0fWMG9s9AbgnzTDkmm2Kyzk=",
        "owner": "levouh",
        "repo": "tint.nvim",
        "rev": "f6a259861ba8c0d88afc2ef05140ddf345eb0296",
        "type": "github"
      },
      "original": {
        "owner": "levouh",
        "repo": "tint.nvim",
        "type": "github"
      }
    },
    "ts-fold": {
      "flake": false,
      "locked": {
        "lastModified": 1662386895,
        "narHash": "sha256-pYW2hcHgkr9KYdRvX2EkpOt/OL8yl+mkZ21JbMKWc8Q=",
        "owner": "jcs-elpa",
        "repo": "ts-fold",
        "rev": "017402713bd2f1fd7a691aa48afb4330f5397432",
        "type": "github"
      },
      "original": {
        "owner": "jcs-elpa",
        "repo": "ts-fold",
        "type": "github"
      }
    },
    "utils": {
      "locked": {
        "lastModified": 1659877975,
        "narHash": "sha256-zllb8aq3YO3h8B/U0/J1WBgAL8EX5yWf5pMj3G0NAmc=",
        "owner": "numtide",
        "repo": "flake-utils",
        "rev": "c0e246b9b83f637f4681389ecabcb2681b4f3af0",
        "type": "github"
      },
      "original": {
        "owner": "numtide",
        "repo": "flake-utils",
        "type": "github"
      }
    },
    "vim-plugins-overlay": {
      "inputs": {
        "gitsigns-nvim": "gitsigns-nvim_2",
        "nvim-treesitter": "nvim-treesitter_2",
        "tint-nvim": "tint-nvim_2",
        "zoomwintab-vim": "zoomwintab-vim_2"
      },
      "locked": {
        "lastModified": 1,
        "narHash": "sha256-4HxUO+U9OnJVsYnFd5acJjE5cYzwLawkxRwd1kpjXbs=",
        "path": "./vim-plugins-overlay",
        "type": "path"
      },
      "original": {
        "path": "./vim-plugins-overlay",
        "type": "path"
      }
    },
    "ws-butler": {
      "flake": false,
      "locked": {
        "lastModified": 1634511126,
        "narHash": "sha256-c0y0ZPtxxICPk+eaNbbQf6t+FRCliNY54CCz9QHQ8ZI=",
        "owner": "hlissner",
        "repo": "ws-butler",
        "rev": "572a10c11b6cb88293de48acbb59a059d36f9ba5",
        "type": "github"
      },
      "original": {
        "owner": "hlissner",
        "repo": "ws-butler",
        "type": "github"
      }
    },
    "yabai": {
      "flake": false,
      "locked": {
        "lastModified": 1663954011,
        "narHash": "sha256-yLBWaC05Wln/G3hU25vuN2PtShlZ00XieviGx11SfVc=",
        "owner": "koekeishiya",
        "repo": "yabai",
        "rev": "6c61c503046ac138914721bd37b21cd8be075799",
        "type": "github"
      },
      "original": {
        "owner": "koekeishiya",
        "repo": "yabai",
        "type": "github"
      }
    },
    "zoomwintab-vim": {
      "flake": false,
      "locked": {
        "lastModified": 1633858999,
        "narHash": "sha256-zgB2CNhk3WotprS5ozzFJ98C6rQ/0tTbGiqubEFiaaE=",
        "owner": "troydm",
        "repo": "zoomwintab.vim",
        "rev": "7a354f3f0aa7807d822c03c8c24dc6c1cced9d3c",
        "type": "github"
      },
      "original": {
        "owner": "troydm",
        "repo": "zoomwintab.vim",
        "type": "github"
      }
    },
    "zoomwintab-vim_2": {
      "flake": false,
      "locked": {
        "lastModified": 1633858999,
        "narHash": "sha256-zgB2CNhk3WotprS5ozzFJ98C6rQ/0tTbGiqubEFiaaE=",
        "owner": "troydm",
        "repo": "zoomwintab.vim",
        "rev": "7a354f3f0aa7807d822c03c8c24dc6c1cced9d3c",
        "type": "github"
      },
      "original": {
        "owner": "troydm",
        "repo": "zoomwintab.vim",
        "type": "github"
      }
    }
  },
  "root": "root",
  "version": 7
}
